
Microsoft Visual Studio Solution File, Format Version 12.00
# Visual Studio Version 16
VisualStudioVersion = 16.0.30413.136
MinimumVisualStudioVersion = 10.0.40219.1
Project("{8BC9CEB8-8B4A-11D0-8D11-00A0C91BC942}") = "neuronApp", "neuronApp.vcxproj", "{39A3E85D-4389-4884-8F3C-513C8052B476}"
EndProject
Project("{2150E333-8FDC-42A3-9474-1A3956D46DE8}") = "easy3d", "easy3d", "{8939D4B4-5CA5-4AD0-ADDB-79EA638E994A}"
EndProject
Project("{2150E333-8FDC-42A3-9474-1A3956D46DE8}") = "3rdparty", "3rdparty", "{0CF6DAC3-1B53-4C05-904E-51AA17FB4747}"
EndProject
Project("{8BC9CEB8-8B4A-11D0-8D11-00A0C91BC942}") = "easy3d_algo", "..\Easy3D\build\easy3d\algo\easy3d_algo.vcxproj", "{694F71D2-E32E-37C4-92FD-14575312B8B8}"
EndProject
Project("{8BC9CEB8-8B4A-11D0-8D11-00A0C91BC942}") = "easy3d_viewer", "..\Easy3D\build\easy3d\viewer\easy3d_viewer.vcxproj", "{DCDF18BA-7376-3A00-9523-2D55F5216EAC}"
EndProject
Project("{8BC9CEB8-8B4A-11D0-8D11-00A0C91BC942}") = "easy3d_util", "..\Easy3D\build\easy3d\util\easy3d_util.vcxproj", "{61B7F8F3-AA3C-3419-842D-220C3DB67424}"
EndProject
Project("{8BC9CEB8-8B4A-11D0-8D11-00A0C91BC942}") = "easy3d_renderer", "..\Easy3D\build\easy3d\renderer\easy3d_renderer.vcxproj", "{0FF0A747-6CE6-3C51-9214-CE5BCEAE0A27}"
EndProject
Project("{8BC9CEB8-8B4A-11D0-8D11-00A0C91BC942}") = "easy3d_kdtree", "..\Easy3D\build\easy3d\kdtree\easy3d_kdtree.vcxproj", "{56C12BFA-B331-3803-9F9E-642EFD582681}"
EndProject
Project("{8BC9CEB8-8B4A-11D0-8D11-00A0C91BC942}") = "easy3d_fileio", "..\Easy3D\build\easy3d\fileio\easy3d_fileio.vcxproj", "{3A65146C-2842-39EF-898B-39BC85446A4F}"
EndProject
Project("{8BC9CEB8-8B4A-11D0-8D11-00A0C91BC942}") = "easy3d_core", "..\Easy3D\build\easy3d\core\easy3d_core.vcxproj", "{15A20BD7-69FC-3182-803D-68670A81874F}"
EndProject
Project("{8BC9CEB8-8B4A-11D0-8D11-00A0C91BC942}") = "3rd_backward", "..\Easy3D\build\3rd_party\backward\3rd_backward.vcxproj", "{87218235-8446-3CB0-A012-C136C683912D}"
EndProject
Project("{8BC9CEB8-8B4A-11D0-8D11-00A0C91BC942}") = "3rd_easyloggingpp", "..\Easy3D\build\3rd_party\easyloggingpp\3rd_easyloggingpp.vcxproj", "{A0F3BECD-3C32-3809-AA6A-55A92F0EFE47}"
EndProject
Project("{8BC9CEB8-8B4A-11D0-8D11-00A0C91BC942}") = "3rd_glew", "..\Easy3D\build\3rd_party\glew\3rd_glew.vcxproj", "{946F68C3-441A-387A-BE95-679A39275713}"
EndProject
Project("{8BC9CEB8-8B4A-11D0-8D11-00A0C91BC942}") = "3rd_glfw", "..\Easy3D\build\3rd_party\glfw\src\3rd_glfw.vcxproj", "{985FCC1A-7E74-3FE5-A217-7AEE40DAC38A}"
EndProject
Project("{8BC9CEB8-8B4A-11D0-8D11-00A0C91BC942}") = "3rd_glutess", "..\Easy3D\build\3rd_party\glutess\3rd_glutess.vcxproj", "{E7277FD0-9B53-3D97-AC5F-8217B6985918}"
EndProject
Project("{8BC9CEB8-8B4A-11D0-8D11-00A0C91BC942}") = "3rd_kdtree", "..\Easy3D\build\3rd_party\kdtree\3rd_kdtree.vcxproj", "{28C810D0-F37B-3E3C-B030-564EF01845A7}"
EndProject
Project("{8BC9CEB8-8B4A-11D0-8D11-00A0C91BC942}") = "3rd_lastools", "..\Easy3D\build\3rd_party\lastools\3rd_lastools.vcxproj", "{A4F19030-C319-3AAB-996A-3C3A67109D88}"
EndProject
Project("{8BC9CEB8-8B4A-11D0-8D11-00A0C91BC942}") = "3rd_poisson", "..\Easy3D\build\3rd_party\poisson\3rd_poisson.vcxproj", "{5CD0087D-75CA-356C-8CFA-BA5F99BF7A67}"
EndProject
Project("{8BC9CEB8-8B4A-11D0-8D11-00A0C91BC942}") = "3rd_ransac", "..\Easy3D\build\3rd_party\ransac\3rd_ransac.vcxproj", "{4D008107-7BD1-370C-8F1A-434EDC430CD3}"
EndProject
Project("{8BC9CEB8-8B4A-11D0-8D11-00A0C91BC942}") = "3rd_rply", "..\Easy3D\build\3rd_party\rply\3rd_rply.vcxproj", "{4721AC14-8D40-3B14-96BD-13469D3C958A}"
EndProject
Project("{8BC9CEB8-8B4A-11D0-8D11-00A0C91BC942}") = "3rd_tetgen", "..\Easy3D\build\3rd_party\tetgen\3rd_tetgen.vcxproj", "{065DE9FF-9179-30FE-94EF-6391B324FF7E}"
EndProject
Project("{8BC9CEB8-8B4A-11D0-8D11-00A0C91BC942}") = "3rd_triangle", "..\Easy3D\build\3rd_party\triangle\3rd_triangle.vcxproj", "{5EA137D9-8510-37A7-AFA4-0408B245FDBB}"
EndProject
Project("{8BC9CEB8-8B4A-11D0-8D11-00A0C91BC942}") = "MonteCarlo", "..\MonteCarlo\MonteCarlo.vcxproj", "{B21FF890-4353-4486-9091-4BF3E4348B34}"
EndProject
Project("{8BC9CEB8-8B4A-11D0-8D11-00A0C91BC942}") = "basics", "..\basics\basics.vcxproj", "{80055C89-FBEB-4A0C-AD51-58B5F8F98A93}"
EndProject
Global
	GlobalSection(SolutionConfigurationPlatforms) = preSolution
		Debug|x64 = Debug|x64
		Debug|x86 = Debug|x86
		MinSizeRel|x64 = MinSizeRel|x64
		MinSizeRel|x86 = MinSizeRel|x86
		Release|x64 = Release|x64
		Release|x86 = Release|x86
		RelWithDebInfo|x64 = RelWithDebInfo|x64
		RelWithDebInfo|x86 = RelWithDebInfo|x86
	EndGlobalSection
	GlobalSection(ProjectConfigurationPlatforms) = postSolution
		{39A3E85D-4389-4884-8F3C-513C8052B476}.Debug|x64.ActiveCfg = Debug|x64
		{39A3E85D-4389-4884-8F3C-513C8052B476}.Debug|x64.Build.0 = Debug|x64
		{39A3E85D-4389-4884-8F3C-513C8052B476}.Debug|x86.ActiveCfg = Debug|Win32
		{39A3E85D-4389-4884-8F3C-513C8052B476}.Debug|x86.Build.0 = Debug|Win32
		{39A3E85D-4389-4884-8F3C-513C8052B476}.MinSizeRel|x64.ActiveCfg = Release|x64
		{39A3E85D-4389-4884-8F3C-513C8052B476}.MinSizeRel|x64.Build.0 = Release|x64
		{39A3E85D-4389-4884-8F3C-513C8052B476}.MinSizeRel|x86.ActiveCfg = Release|Win32
		{39A3E85D-4389-4884-8F3C-513C8052B476}.MinSizeRel|x86.Build.0 = Release|Win32
		{39A3E85D-4389-4884-8F3C-513C8052B476}.Release|x64.ActiveCfg = Release|x64
		{39A3E85D-4389-4884-8F3C-513C8052B476}.Release|x64.Build.0 = Release|x64
		{39A3E85D-4389-4884-8F3C-513C8052B476}.Release|x86.ActiveCfg = Release|Win32
		{39A3E85D-4389-4884-8F3C-513C8052B476}.Release|x86.Build.0 = Release|Win32
		{39A3E85D-4389-4884-8F3C-513C8052B476}.RelWithDebInfo|x64.ActiveCfg = Release|x64
		{39A3E85D-4389-4884-8F3C-513C8052B476}.RelWithDebInfo|x64.Build.0 = Release|x64
		{39A3E85D-4389-4884-8F3C-513C8052B476}.RelWithDebInfo|x86.ActiveCfg = Release|Win32
		{39A3E85D-4389-4884-8F3C-513C8052B476}.RelWithDebInfo|x86.Build.0 = Release|Win32
		{694F71D2-E32E-37C4-92FD-14575312B8B8}.Debug|x64.ActiveCfg = Debug|x64
		{694F71D2-E32E-37C4-92FD-14575312B8B8}.Debug|x64.Build.0 = Debug|x64
		{694F71D2-E32E-37C4-92FD-14575312B8B8}.Debug|x86.ActiveCfg = Debug|x64
		{694F71D2-E32E-37C4-92FD-14575312B8B8}.MinSizeRel|x64.ActiveCfg = MinSizeRel|x64
		{694F71D2-E32E-37C4-92FD-14575312B8B8}.MinSizeRel|x64.Build.0 = MinSizeRel|x64
		{694F71D2-E32E-37C4-92FD-14575312B8B8}.MinSizeRel|x86.ActiveCfg = MinSizeRel|x64
		{694F71D2-E32E-37C4-92FD-14575312B8B8}.Release|x64.ActiveCfg = Release|x64
		{694F71D2-E32E-37C4-92FD-14575312B8B8}.Release|x64.Build.0 = Release|x64
		{694F71D2-E32E-37C4-92FD-14575312B8B8}.Release|x86.ActiveCfg = Release|x64
		{694F71D2-E32E-37C4-92FD-14575312B8B8}.RelWithDebInfo|x64.ActiveCfg = RelWithDebInfo|x64
		{694F71D2-E32E-37C4-92FD-14575312B8B8}.RelWithDebInfo|x64.Build.0 = RelWithDebInfo|x64
		{694F71D2-E32E-37C4-92FD-14575312B8B8}.RelWithDebInfo|x86.ActiveCfg = RelWithDebInfo|x64
		{DCDF18BA-7376-3A00-9523-2D55F5216EAC}.Debug|x64.ActiveCfg = Debug|x64
		{DCDF18BA-7376-3A00-9523-2D55F5216EAC}.Debug|x64.Build.0 = Debug|x64
		{DCDF18BA-7376-3A00-9523-2D55F5216EAC}.Debug|x86.ActiveCfg = Debug|x64
		{DCDF18BA-7376-3A00-9523-2D55F5216EAC}.MinSizeRel|x64.ActiveCfg = MinSizeRel|x64
		{DCDF18BA-7376-3A00-9523-2D55F5216EAC}.MinSizeRel|x64.Build.0 = MinSizeRel|x64
		{DCDF18BA-7376-3A00-9523-2D55F5216EAC}.MinSizeRel|x86.ActiveCfg = MinSizeRel|x64
		{DCDF18BA-7376-3A00-9523-2D55F5216EAC}.Release|x64.ActiveCfg = Release|x64
		{DCDF18BA-7376-3A00-9523-2D55F5216EAC}.Release|x64.Build.0 = Release|x64
		{DCDF18BA-7376-3A00-9523-2D55F5216EAC}.Release|x86.ActiveCfg = Release|x64
		{DCDF18BA-7376-3A00-9523-2D55F5216EAC}.RelWithDebInfo|x64.ActiveCfg = RelWithDebInfo|x64
		{DCDF18BA-7376-3A00-9523-2D55F5216EAC}.RelWithDebInfo|x64.Build.0 = RelWithDebInfo|x64
		{DCDF18BA-7376-3A00-9523-2D55F5216EAC}.RelWithDebInfo|x86.ActiveCfg = RelWithDebInfo|x64
		{61B7F8F3-AA3C-3419-842D-220C3DB67424}.Debug|x64.ActiveCfg = Debug|x64
		{61B7F8F3-AA3C-3419-842D-220C3DB67424}.Debug|x64.Build.0 = Debug|x64
		{61B7F8F3-AA3C-3419-842D-220C3DB67424}.Debug|x86.ActiveCfg = Debug|x64
		{61B7F8F3-AA3C-3419-842D-220C3DB67424}.MinSizeRel|x64.ActiveCfg = MinSizeRel|x64
		{61B7F8F3-AA3C-3419-842D-220C3DB67424}.MinSizeRel|x64.Build.0 = MinSizeRel|x64
		{61B7F8F3-AA3C-3419-842D-220C3DB67424}.MinSizeRel|x86.ActiveCfg = MinSizeRel|x64
		{61B7F8F3-AA3C-3419-842D-220C3DB67424}.Release|x64.ActiveCfg = Release|x64
		{61B7F8F3-AA3C-3419-842D-220C3DB67424}.Release|x64.Build.0 = Release|x64
		{61B7F8F3-AA3C-3419-842D-220C3DB67424}.Release|x86.ActiveCfg = Release|x64
		{61B7F8F3-AA3C-3419-842D-220C3DB67424}.RelWithDebInfo|x64.ActiveCfg = RelWithDebInfo|x64
		{61B7F8F3-AA3C-3419-842D-220C3DB67424}.RelWithDebInfo|x64.Build.0 = RelWithDebInfo|x64
		{61B7F8F3-AA3C-3419-842D-220C3DB67424}.RelWithDebInfo|x86.ActiveCfg = RelWithDebInfo|x64
		{0FF0A747-6CE6-3C51-9214-CE5BCEAE0A27}.Debug|x64.ActiveCfg = Debug|x64
		{0FF0A747-6CE6-3C51-9214-CE5BCEAE0A27}.Debug|x64.Build.0 = Debug|x64
		{0FF0A747-6CE6-3C51-9214-CE5BCEAE0A27}.Debug|x86.ActiveCfg = Debug|x64
		{0FF0A747-6CE6-3C51-9214-CE5BCEAE0A27}.MinSizeRel|x64.ActiveCfg = MinSizeRel|x64
		{0FF0A747-6CE6-3C51-9214-CE5BCEAE0A27}.MinSizeRel|x64.Build.0 = MinSizeRel|x64
		{0FF0A747-6CE6-3C51-9214-CE5BCEAE0A27}.MinSizeRel|x86.ActiveCfg = MinSizeRel|x64
		{0FF0A747-6CE6-3C51-9214-CE5BCEAE0A27}.Release|x64.ActiveCfg = Release|x64
		{0FF0A747-6CE6-3C51-9214-CE5BCEAE0A27}.Release|x64.Build.0 = Release|x64
		{0FF0A747-6CE6-3C51-9214-CE5BCEAE0A27}.Release|x86.ActiveCfg = Release|x64
		{0FF0A747-6CE6-3C51-9214-CE5BCEAE0A27}.RelWithDebInfo|x64.ActiveCfg = RelWithDebInfo|x64
		{0FF0A747-6CE6-3C51-9214-CE5BCEAE0A27}.RelWithDebInfo|x64.Build.0 = RelWithDebInfo|x64
		{0FF0A747-6CE6-3C51-9214-CE5BCEAE0A27}.RelWithDebInfo|x86.ActiveCfg = RelWithDebInfo|x64
		{56C12BFA-B331-3803-9F9E-642EFD582681}.Debug|x64.ActiveCfg = Debug|x64
		{56C12BFA-B331-3803-9F9E-642EFD582681}.Debug|x64.Build.0 = Debug|x64
		{56C12BFA-B331-3803-9F9E-642EFD582681}.Debug|x86.ActiveCfg = Debug|x64
		{56C12BFA-B331-3803-9F9E-642EFD582681}.MinSizeRel|x64.ActiveCfg = MinSizeRel|x64
		{56C12BFA-B331-3803-9F9E-642EFD582681}.MinSizeRel|x64.Build.0 = MinSizeRel|x64
		{56C12BFA-B331-3803-9F9E-642EFD582681}.MinSizeRel|x86.ActiveCfg = MinSizeRel|x64
		{56C12BFA-B331-3803-9F9E-642EFD582681}.Release|x64.ActiveCfg = Release|x64
		{56C12BFA-B331-3803-9F9E-642EFD582681}.Release|x64.Build.0 = Release|x64
		{56C12BFA-B331-3803-9F9E-642EFD582681}.Release|x86.ActiveCfg = Release|x64
		{56C12BFA-B331-3803-9F9E-642EFD582681}.RelWithDebInfo|x64.ActiveCfg = RelWithDebInfo|x64
		{56C12BFA-B331-3803-9F9E-642EFD582681}.RelWithDebInfo|x64.Build.0 = RelWithDebInfo|x64
		{56C12BFA-B331-3803-9F9E-642EFD582681}.RelWithDebInfo|x86.ActiveCfg = RelWithDebInfo|x64
		{3A65146C-2842-39EF-898B-39BC85446A4F}.Debug|x64.ActiveCfg = Debug|x64
		{3A65146C-2842-39EF-898B-39BC85446A4F}.Debug|x64.Build.0 = Debug|x64
		{3A65146C-2842-39EF-898B-39BC85446A4F}.Debug|x86.ActiveCfg = Debug|x64
		{3A65146C-2842-39EF-898B-39BC85446A4F}.MinSizeRel|x64.ActiveCfg = MinSizeRel|x64
		{3A65146C-2842-39EF-898B-39BC85446A4F}.MinSizeRel|x64.Build.0 = MinSizeRel|x64
		{3A65146C-2842-39EF-898B-39BC85446A4F}.MinSizeRel|x86.ActiveCfg = MinSizeRel|x64
		{3A65146C-2842-39EF-898B-39BC85446A4F}.Release|x64.ActiveCfg = Release|x64
		{3A65146C-2842-39EF-898B-39BC85446A4F}.Release|x64.Build.0 = Release|x64
		{3A65146C-2842-39EF-898B-39BC85446A4F}.Release|x86.ActiveCfg = Release|x64
		{3A65146C-2842-39EF-898B-39BC85446A4F}.RelWithDebInfo|x64.ActiveCfg = RelWithDebInfo|x64
		{3A65146C-2842-39EF-898B-39BC85446A4F}.RelWithDebInfo|x64.Build.0 = RelWithDebInfo|x64
		{3A65146C-2842-39EF-898B-39BC85446A4F}.RelWithDebInfo|x86.ActiveCfg = RelWithDebInfo|x64
		{15A20BD7-69FC-3182-803D-68670A81874F}.Debug|x64.ActiveCfg = Debug|x64
		{15A20BD7-69FC-3182-803D-68670A81874F}.Debug|x64.Build.0 = Debug|x64
		{15A20BD7-69FC-3182-803D-68670A81874F}.Debug|x86.ActiveCfg = Debug|x64
		{15A20BD7-69FC-3182-803D-68670A81874F}.MinSizeRel|x64.ActiveCfg = MinSizeRel|x64
		{15A20BD7-69FC-3182-803D-68670A81874F}.MinSizeRel|x64.Build.0 = MinSizeRel|x64
		{15A20BD7-69FC-3182-803D-68670A81874F}.MinSizeRel|x86.ActiveCfg = MinSizeRel|x64
		{15A20BD7-69FC-3182-803D-68670A81874F}.Release|x64.ActiveCfg = Release|x64
		{15A20BD7-69FC-3182-803D-68670A81874F}.Release|x64.Build.0 = Release|x64
		{15A20BD7-69FC-3182-803D-68670A81874F}.Release|x86.ActiveCfg = Release|x64
		{15A20BD7-69FC-3182-803D-68670A81874F}.RelWithDebInfo|x64.ActiveCfg = RelWithDebInfo|x64
		{15A20BD7-69FC-3182-803D-68670A81874F}.RelWithDebInfo|x64.Build.0 = RelWithDebInfo|x64
		{15A20BD7-69FC-3182-803D-68670A81874F}.RelWithDebInfo|x86.ActiveCfg = RelWithDebInfo|x64
		{87218235-8446-3CB0-A012-C136C683912D}.Debug|x64.ActiveCfg = Debug|x64
		{87218235-8446-3CB0-A012-C136C683912D}.Debug|x64.Build.0 = Debug|x64
		{87218235-8446-3CB0-A012-C136C683912D}.Debug|x86.ActiveCfg = Debug|x64
		{87218235-8446-3CB0-A012-C136C683912D}.MinSizeRel|x64.ActiveCfg = MinSizeRel|x64
		{87218235-8446-3CB0-A012-C136C683912D}.MinSizeRel|x64.Build.0 = MinSizeRel|x64
		{87218235-8446-3CB0-A012-C136C683912D}.MinSizeRel|x86.ActiveCfg = MinSizeRel|x64
		{87218235-8446-3CB0-A012-C136C683912D}.Release|x64.ActiveCfg = Release|x64
		{87218235-8446-3CB0-A012-C136C683912D}.Release|x64.Build.0 = Release|x64
		{87218235-8446-3CB0-A012-C136C683912D}.Release|x86.ActiveCfg = Release|x64
		{87218235-8446-3CB0-A012-C136C683912D}.RelWithDebInfo|x64.ActiveCfg = RelWithDebInfo|x64
		{87218235-8446-3CB0-A012-C136C683912D}.RelWithDebInfo|x64.Build.0 = RelWithDebInfo|x64
		{87218235-8446-3CB0-A012-C136C683912D}.RelWithDebInfo|x86.ActiveCfg = RelWithDebInfo|x64
		{A0F3BECD-3C32-3809-AA6A-55A92F0EFE47}.Debug|x64.ActiveCfg = Debug|x64
		{A0F3BECD-3C32-3809-AA6A-55A92F0EFE47}.Debug|x64.Build.0 = Debug|x64
		{A0F3BECD-3C32-3809-AA6A-55A92F0EFE47}.Debug|x86.ActiveCfg = Debug|x64
		{A0F3BECD-3C32-3809-AA6A-55A92F0EFE47}.MinSizeRel|x64.ActiveCfg = MinSizeRel|x64
		{A0F3BECD-3C32-3809-AA6A-55A92F0EFE47}.MinSizeRel|x64.Build.0 = MinSizeRel|x64
		{A0F3BECD-3C32-3809-AA6A-55A92F0EFE47}.MinSizeRel|x86.ActiveCfg = MinSizeRel|x64
		{A0F3BECD-3C32-3809-AA6A-55A92F0EFE47}.Release|x64.ActiveCfg = Release|x64
		{A0F3BECD-3C32-3809-AA6A-55A92F0EFE47}.Release|x64.Build.0 = Release|x64
		{A0F3BECD-3C32-3809-AA6A-55A92F0EFE47}.Release|x86.ActiveCfg = Release|x64
		{A0F3BECD-3C32-3809-AA6A-55A92F0EFE47}.RelWithDebInfo|x64.ActiveCfg = RelWithDebInfo|x64
		{A0F3BECD-3C32-3809-AA6A-55A92F0EFE47}.RelWithDebInfo|x64.Build.0 = RelWithDebInfo|x64
		{A0F3BECD-3C32-3809-AA6A-55A92F0EFE47}.RelWithDebInfo|x86.ActiveCfg = RelWithDebInfo|x64
		{946F68C3-441A-387A-BE95-679A39275713}.Debug|x64.ActiveCfg = Debug|x64
		{946F68C3-441A-387A-BE95-679A39275713}.Debug|x64.Build.0 = Debug|x64
		{946F68C3-441A-387A-BE95-679A39275713}.Debug|x86.ActiveCfg = Debug|x64
		{946F68C3-441A-387A-BE95-679A39275713}.MinSizeRel|x64.ActiveCfg = MinSizeRel|x64
		{946F68C3-441A-387A-BE95-679A39275713}.MinSizeRel|x64.Build.0 = MinSizeRel|x64
		{946F68C3-441A-387A-BE95-679A39275713}.MinSizeRel|x86.ActiveCfg = MinSizeRel|x64
		{946F68C3-441A-387A-BE95-679A39275713}.Release|x64.ActiveCfg = Release|x64
		{946F68C3-441A-387A-BE95-679A39275713}.Release|x64.Build.0 = Release|x64
		{946F68C3-441A-387A-BE95-679A39275713}.Release|x86.ActiveCfg = Release|x64
		{946F68C3-441A-387A-BE95-679A39275713}.RelWithDebInfo|x64.ActiveCfg = RelWithDebInfo|x64
		{946F68C3-441A-387A-BE95-679A39275713}.RelWithDebInfo|x64.Build.0 = RelWithDebInfo|x64
		{946F68C3-441A-387A-BE95-679A39275713}.RelWithDebInfo|x86.ActiveCfg = RelWithDebInfo|x64
		{985FCC1A-7E74-3FE5-A217-7AEE40DAC38A}.Debug|x64.ActiveCfg = Debug|x64
		{985FCC1A-7E74-3FE5-A217-7AEE40DAC38A}.Debug|x64.Build.0 = Debug|x64
		{985FCC1A-7E74-3FE5-A217-7AEE40DAC38A}.Debug|x86.ActiveCfg = Debug|x64
		{985FCC1A-7E74-3FE5-A217-7AEE40DAC38A}.MinSizeRel|x64.ActiveCfg = MinSizeRel|x64
		{985FCC1A-7E74-3FE5-A217-7AEE40DAC38A}.MinSizeRel|x64.Build.0 = MinSizeRel|x64
		{985FCC1A-7E74-3FE5-A217-7AEE40DAC38A}.MinSizeRel|x86.ActiveCfg = MinSizeRel|x64
		{985FCC1A-7E74-3FE5-A217-7AEE40DAC38A}.Release|x64.ActiveCfg = Release|x64
		{985FCC1A-7E74-3FE5-A217-7AEE40DAC38A}.Release|x64.Build.0 = Release|x64
		{985FCC1A-7E74-3FE5-A217-7AEE40DAC38A}.Release|x86.ActiveCfg = Release|x64
		{985FCC1A-7E74-3FE5-A217-7AEE40DAC38A}.RelWithDebInfo|x64.ActiveCfg = RelWithDebInfo|x64
		{985FCC1A-7E74-3FE5-A217-7AEE40DAC38A}.RelWithDebInfo|x64.Build.0 = RelWithDebInfo|x64
		{985FCC1A-7E74-3FE5-A217-7AEE40DAC38A}.RelWithDebInfo|x86.ActiveCfg = RelWithDebInfo|x64
		{E7277FD0-9B53-3D97-AC5F-8217B6985918}.Debug|x64.ActiveCfg = Debug|x64
		{E7277FD0-9B53-3D97-AC5F-8217B6985918}.Debug|x64.Build.0 = Debug|x64
		{E7277FD0-9B53-3D97-AC5F-8217B6985918}.Debug|x86.ActiveCfg = Debug|x64
		{E7277FD0-9B53-3D97-AC5F-8217B6985918}.MinSizeRel|x64.ActiveCfg = MinSizeRel|x64
		{E7277FD0-9B53-3D97-AC5F-8217B6985918}.MinSizeRel|x64.Build.0 = MinSizeRel|x64
		{E7277FD0-9B53-3D97-AC5F-8217B6985918}.MinSizeRel|x86.ActiveCfg = MinSizeRel|x64
		{E7277FD0-9B53-3D97-AC5F-8217B6985918}.Release|x64.ActiveCfg = Release|x64
		{E7277FD0-9B53-3D97-AC5F-8217B6985918}.Release|x64.Build.0 = Release|x64
		{E7277FD0-9B53-3D97-AC5F-8217B6985918}.Release|x86.ActiveCfg = Release|x64
		{E7277FD0-9B53-3D97-AC5F-8217B6985918}.RelWithDebInfo|x64.ActiveCfg = RelWithDebInfo|x64
		{E7277FD0-9B53-3D97-AC5F-8217B6985918}.RelWithDebInfo|x64.Build.0 = RelWithDebInfo|x64
		{E7277FD0-9B53-3D97-AC5F-8217B6985918}.RelWithDebInfo|x86.ActiveCfg = RelWithDebInfo|x64
		{28C810D0-F37B-3E3C-B030-564EF01845A7}.Debug|x64.ActiveCfg = Debug|x64
		{28C810D0-F37B-3E3C-B030-564EF01845A7}.Debug|x64.Build.0 = Debug|x64
		{28C810D0-F37B-3E3C-B030-564EF01845A7}.Debug|x86.ActiveCfg = Debug|x64
		{28C810D0-F37B-3E3C-B030-564EF01845A7}.MinSizeRel|x64.ActiveCfg = MinSizeRel|x64
		{28C810D0-F37B-3E3C-B030-564EF01845A7}.MinSizeRel|x64.Build.0 = MinSizeRel|x64
		{28C810D0-F37B-3E3C-B030-564EF01845A7}.MinSizeRel|x86.ActiveCfg = MinSizeRel|x64
		{28C810D0-F37B-3E3C-B030-564EF01845A7}.Release|x64.ActiveCfg = Release|x64
		{28C810D0-F37B-3E3C-B030-564EF01845A7}.Release|x64.Build.0 = Release|x64
		{28C810D0-F37B-3E3C-B030-564EF01845A7}.Release|x86.ActiveCfg = Release|x64
		{28C810D0-F37B-3E3C-B030-564EF01845A7}.RelWithDebInfo|x64.ActiveCfg = RelWithDebInfo|x64
		{28C810D0-F37B-3E3C-B030-564EF01845A7}.RelWithDebInfo|x64.Build.0 = RelWithDebInfo|x64
		{28C810D0-F37B-3E3C-B030-564EF01845A7}.RelWithDebInfo|x86.ActiveCfg = RelWithDebInfo|x64
		{A4F19030-C319-3AAB-996A-3C3A67109D88}.Debug|x64.ActiveCfg = Debug|x64
		{A4F19030-C319-3AAB-996A-3C3A67109D88}.Debug|x64.Build.0 = Debug|x64
		{A4F19030-C319-3AAB-996A-3C3A67109D88}.Debug|x86.ActiveCfg = Debug|x64
		{A4F19030-C319-3AAB-996A-3C3A67109D88}.MinSizeRel|x64.ActiveCfg = MinSizeRel|x64
		{A4F19030-C319-3AAB-996A-3C3A67109D88}.MinSizeRel|x64.Build.0 = MinSizeRel|x64
		{A4F19030-C319-3AAB-996A-3C3A67109D88}.MinSizeRel|x86.ActiveCfg = MinSizeRel|x64
		{A4F19030-C319-3AAB-996A-3C3A67109D88}.Release|x64.ActiveCfg = Release|x64
		{A4F19030-C319-3AAB-996A-3C3A67109D88}.Release|x64.Build.0 = Release|x64
		{A4F19030-C319-3AAB-996A-3C3A67109D88}.Release|x86.ActiveCfg = Release|x64
		{A4F19030-C319-3AAB-996A-3C3A67109D88}.RelWithDebInfo|x64.ActiveCfg = RelWithDebInfo|x64
		{A4F19030-C319-3AAB-996A-3C3A67109D88}.RelWithDebInfo|x64.Build.0 = RelWithDebInfo|x64
		{A4F19030-C319-3AAB-996A-3C3A67109D88}.RelWithDebInfo|x86.ActiveCfg = RelWithDebInfo|x64
		{5CD0087D-75CA-356C-8CFA-BA5F99BF7A67}.Debug|x64.ActiveCfg = Debug|x64
		{5CD0087D-75CA-356C-8CFA-BA5F99BF7A67}.Debug|x64.Build.0 = Debug|x64
		{5CD0087D-75CA-356C-8CFA-BA5F99BF7A67}.Debug|x86.ActiveCfg = Debug|x64
		{5CD0087D-75CA-356C-8CFA-BA5F99BF7A67}.MinSizeRel|x64.ActiveCfg = MinSizeRel|x64
		{5CD0087D-75CA-356C-8CFA-BA5F99BF7A67}.MinSizeRel|x64.Build.0 = MinSizeRel|x64
		{5CD0087D-75CA-356C-8CFA-BA5F99BF7A67}.MinSizeRel|x86.ActiveCfg = MinSizeRel|x64
		{5CD0087D-75CA-356C-8CFA-BA5F99BF7A67}.Release|x64.ActiveCfg = Release|x64
		{5CD0087D-75CA-356C-8CFA-BA5F99BF7A67}.Release|x64.Build.0 = Release|x64
		{5CD0087D-75CA-356C-8CFA-BA5F99BF7A67}.Release|x86.ActiveCfg = Release|x64
		{5CD0087D-75CA-356C-8CFA-BA5F99BF7A67}.RelWithDebInfo|x64.ActiveCfg = RelWithDebInfo|x64
		{5CD0087D-75CA-356C-8CFA-BA5F99BF7A67}.RelWithDebInfo|x64.Build.0 = RelWithDebInfo|x64
		{5CD0087D-75CA-356C-8CFA-BA5F99BF7A67}.RelWithDebInfo|x86.ActiveCfg = RelWithDebInfo|x64
		{4D008107-7BD1-370C-8F1A-434EDC430CD3}.Debug|x64.ActiveCfg = Debug|x64
		{4D008107-7BD1-370C-8F1A-434EDC430CD3}.Debug|x64.Build.0 = Debug|x64
		{4D008107-7BD1-370C-8F1A-434EDC430CD3}.Debug|x86.ActiveCfg = Debug|x64
		{4D008107-7BD1-370C-8F1A-434EDC430CD3}.MinSizeRel|x64.ActiveCfg = MinSizeRel|x64
		{4D008107-7BD1-370C-8F1A-434EDC430CD3}.MinSizeRel|x64.Build.0 = MinSizeRel|x64
		{4D008107-7BD1-370C-8F1A-434EDC430CD3}.MinSizeRel|x86.ActiveCfg = MinSizeRel|x64
		{4D008107-7BD1-370C-8F1A-434EDC430CD3}.Release|x64.ActiveCfg = Release|x64
		{4D008107-7BD1-370C-8F1A-434EDC430CD3}.Release|x64.Build.0 = Release|x64
		{4D008107-7BD1-370C-8F1A-434EDC430CD3}.Release|x86.ActiveCfg = Release|x64
		{4D008107-7BD1-370C-8F1A-434EDC430CD3}.RelWithDebInfo|x64.ActiveCfg = RelWithDebInfo|x64
		{4D008107-7BD1-370C-8F1A-434EDC430CD3}.RelWithDebInfo|x64.Build.0 = RelWithDebInfo|x64
		{4D008107-7BD1-370C-8F1A-434EDC430CD3}.RelWithDebInfo|x86.ActiveCfg = RelWithDebInfo|x64
		{4721AC14-8D40-3B14-96BD-13469D3C958A}.Debug|x64.ActiveCfg = Debug|x64
		{4721AC14-8D40-3B14-96BD-13469D3C958A}.Debug|x64.Build.0 = Debug|x64
		{4721AC14-8D40-3B14-96BD-13469D3C958A}.Debug|x86.ActiveCfg = Debug|x64
		{4721AC14-8D40-3B14-96BD-13469D3C958A}.MinSizeRel|x64.ActiveCfg = MinSizeRel|x64
		{4721AC14-8D40-3B14-96BD-13469D3C958A}.MinSizeRel|x64.Build.0 = MinSizeRel|x64
		{4721AC14-8D40-3B14-96BD-13469D3C958A}.MinSizeRel|x86.ActiveCfg = MinSizeRel|x64
		{4721AC14-8D40-3B14-96BD-13469D3C958A}.Release|x64.ActiveCfg = Release|x64
		{4721AC14-8D40-3B14-96BD-13469D3C958A}.Release|x64.Build.0 = Release|x64
		{4721AC14-8D40-3B14-96BD-13469D3C958A}.Release|x86.ActiveCfg = Release|x64
		{4721AC14-8D40-3B14-96BD-13469D3C958A}.RelWithDebInfo|x64.ActiveCfg = RelWithDebInfo|x64
		{4721AC14-8D40-3B14-96BD-13469D3C958A}.RelWithDebInfo|x64.Build.0 = RelWithDebInfo|x64
		{4721AC14-8D40-3B14-96BD-13469D3C958A}.RelWithDebInfo|x86.ActiveCfg = RelWithDebInfo|x64
		{065DE9FF-9179-30FE-94EF-6391B324FF7E}.Debug|x64.ActiveCfg = Debug|x64
		{065DE9FF-9179-30FE-94EF-6391B324FF7E}.Debug|x64.Build.0 = Debug|x64
		{065DE9FF-9179-30FE-94EF-6391B324FF7E}.Debug|x86.ActiveCfg = Debug|x64
		{065DE9FF-9179-30FE-94EF-6391B324FF7E}.MinSizeRel|x64.ActiveCfg = MinSizeRel|x64
		{065DE9FF-9179-30FE-94EF-6391B324FF7E}.MinSizeRel|x64.Build.0 = MinSizeRel|x64
		{065DE9FF-9179-30FE-94EF-6391B324FF7E}.MinSizeRel|x86.ActiveCfg = MinSizeRel|x64
		{065DE9FF-9179-30FE-94EF-6391B324FF7E}.Release|x64.ActiveCfg = Release|x64
		{065DE9FF-9179-30FE-94EF-6391B324FF7E}.Release|x64.Build.0 = Release|x64
		{065DE9FF-9179-30FE-94EF-6391B324FF7E}.Release|x86.ActiveCfg = Release|x64
		{065DE9FF-9179-30FE-94EF-6391B324FF7E}.RelWithDebInfo|x64.ActiveCfg = RelWithDebInfo|x64
		{065DE9FF-9179-30FE-94EF-6391B324FF7E}.RelWithDebInfo|x64.Build.0 = RelWithDebInfo|x64
		{065DE9FF-9179-30FE-94EF-6391B324FF7E}.RelWithDebInfo|x86.ActiveCfg = RelWithDebInfo|x64
		{5EA137D9-8510-37A7-AFA4-0408B245FDBB}.Debug|x64.ActiveCfg = Debug|x64
		{5EA137D9-8510-37A7-AFA4-0408B245FDBB}.Debug|x64.Build.0 = Debug|x64
		{5EA137D9-8510-37A7-AFA4-0408B245FDBB}.Debug|x86.ActiveCfg = Debug|x64
		{5EA137D9-8510-37A7-AFA4-0408B245FDBB}.MinSizeRel|x64.ActiveCfg = MinSizeRel|x64
		{5EA137D9-8510-37A7-AFA4-0408B245FDBB}.MinSizeRel|x64.Build.0 = MinSizeRel|x64
		{5EA137D9-8510-37A7-AFA4-0408B245FDBB}.MinSizeRel|x86.ActiveCfg = MinSizeRel|x64
		{5EA137D9-8510-37A7-AFA4-0408B245FDBB}.Release|x64.ActiveCfg = Release|x64
		{5EA137D9-8510-37A7-AFA4-0408B245FDBB}.Release|x64.Build.0 = Release|x64
		{5EA137D9-8510-37A7-AFA4-0408B245FDBB}.Release|x86.ActiveCfg = Release|x64
		{5EA137D9-8510-37A7-AFA4-0408B245FDBB}.RelWithDebInfo|x64.ActiveCfg = RelWithDebInfo|x64
		{5EA137D9-8510-37A7-AFA4-0408B245FDBB}.RelWithDebInfo|x64.Build.0 = RelWithDebInfo|x64
		{5EA137D9-8510-37A7-AFA4-0408B245FDBB}.RelWithDebInfo|x86.ActiveCfg = RelWithDebInfo|x64
		{B21FF890-4353-4486-9091-4BF3E4348B34}.Debug|x64.ActiveCfg = Debug|x64
		{B21FF890-4353-4486-9091-4BF3E4348B34}.Debug|x64.Build.0 = Debug|x64
		{B21FF890-4353-4486-9091-4BF3E4348B34}.Debug|x86.ActiveCfg = Debug|Win32
		{B21FF890-4353-4486-9091-4BF3E4348B34}.Debug|x86.Build.0 = Debug|Win32
		{B21FF890-4353-4486-9091-4BF3E4348B34}.MinSizeRel|x64.ActiveCfg = Release|x64
		{B21FF890-4353-4486-9091-4BF3E4348B34}.MinSizeRel|x64.Build.0 = Release|x64
		{B21FF890-4353-4486-9091-4BF3E4348B34}.MinSizeRel|x86.ActiveCfg = Release|Win32
		{B21FF890-4353-4486-9091-4BF3E4348B34}.MinSizeRel|x86.Build.0 = Release|Win32
		{B21FF890-4353-4486-9091-4BF3E4348B34}.Release|x64.ActiveCfg = Release|x64
		{B21FF890-4353-4486-9091-4BF3E4348B34}.Release|x64.Build.0 = Release|x64
		{B21FF890-4353-4486-9091-4BF3E4348B34}.Release|x86.ActiveCfg = Release|Win32
		{B21FF890-4353-4486-9091-4BF3E4348B34}.Release|x86.Build.0 = Release|Win32
		{B21FF890-4353-4486-9091-4BF3E4348B34}.RelWithDebInfo|x64.ActiveCfg = Release|x64
		{B21FF890-4353-4486-9091-4BF3E4348B34}.RelWithDebInfo|x64.Build.0 = Release|x64
		{B21FF890-4353-4486-9091-4BF3E4348B34}.RelWithDebInfo|x86.ActiveCfg = Release|Win32
		{B21FF890-4353-4486-9091-4BF3E4348B34}.RelWithDebInfo|x86.Build.0 = Release|Win32
		{80055C89-FBEB-4A0C-AD51-58B5F8F98A93}.Debug|x64.ActiveCfg = Debug|x64
		{80055C89-FBEB-4A0C-AD51-58B5F8F98A93}.Debug|x64.Build.0 = Debug|x64
		{80055C89-FBEB-4A0C-AD51-58B5F8F98A93}.Debug|x86.ActiveCfg = Debug|Win32
		{80055C89-FBEB-4A0C-AD51-58B5F8F98A93}.Debug|x86.Build.0 = Debug|Win32
		{80055C89-FBEB-4A0C-AD51-58B5F8F98A93}.MinSizeRel|x64.ActiveCfg = Debug|x64
		{80055C89-FBEB-4A0C-AD51-58B5F8F98A93}.MinSizeRel|x64.Build.0 = Debug|x64
		{80055C89-FBEB-4A0C-AD51-58B5F8F98A93}.MinSizeRel|x86.ActiveCfg = Debug|Win32
		{80055C89-FBEB-4A0C-AD51-58B5F8F98A93}.MinSizeRel|x86.Build.0 = Debug|Win32
		{80055C89-FBEB-4A0C-AD51-58B5F8F98A93}.Release|x64.ActiveCfg = Release|x64
		{80055C89-FBEB-4A0C-AD51-58B5F8F98A93}.Release|x64.Build.0 = Release|x64
		{80055C89-FBEB-4A0C-AD51-58B5F8F98A93}.Release|x86.ActiveCfg = Release|Win32
		{80055C89-FBEB-4A0C-AD51-58B5F8F98A93}.Release|x86.Build.0 = Release|Win32
		{80055C89-FBEB-4A0C-AD51-58B5F8F98A93}.RelWithDebInfo|x64.ActiveCfg = Release|x64
		{80055C89-FBEB-4A0C-AD51-58B5F8F98A93}.RelWithDebInfo|x64.Build.0 = Release|x64
		{80055C89-FBEB-4A0C-AD51-58B5F8F98A93}.RelWithDebInfo|x86.ActiveCfg = Release|Win32
		{80055C89-FBEB-4A0C-AD51-58B5F8F98A93}.RelWithDebInfo|x86.Build.0 = Release|Win32
	EndGlobalSection
	GlobalSection(SolutionProperties) = preSolution
		HideSolutionNode = FALSE
	EndGlobalSection
	GlobalSection(NestedProjects) = preSolution
		{694F71D2-E32E-37C4-92FD-14575312B8B8} = {8939D4B4-5CA5-4AD0-ADDB-79EA638E994A}
		{DCDF18BA-7376-3A00-9523-2D55F5216EAC} = {8939D4B4-5CA5-4AD0-ADDB-79EA638E994A}
		{61B7F8F3-AA3C-3419-842D-220C3DB67424} = {8939D4B4-5CA5-4AD0-ADDB-79EA638E994A}
		{0FF0A747-6CE6-3C51-9214-CE5BCEAE0A27} = {8939D4B4-5CA5-4AD0-ADDB-79EA638E994A}
		{56C12BFA-B331-3803-9F9E-642EFD582681} = {8939D4B4-5CA5-4AD0-ADDB-79EA638E994A}
		{3A65146C-2842-39EF-898B-39BC85446A4F} = {8939D4B4-5CA5-4AD0-ADDB-79EA638E994A}
		{15A20BD7-69FC-3182-803D-68670A81874F} = {8939D4B4-5CA5-4AD0-ADDB-79EA638E994A}
		{87218235-8446-3CB0-A012-C136C683912D} = {0CF6DAC3-1B53-4C05-904E-51AA17FB4747}
		{A0F3BECD-3C32-3809-AA6A-55A92F0EFE47} = {0CF6DAC3-1B53-4C05-904E-51AA17FB4747}
		{946F68C3-441A-387A-BE95-679A39275713} = {0CF6DAC3-1B53-4C05-904E-51AA17FB4747}
		{985FCC1A-7E74-3FE5-A217-7AEE40DAC38A} = {0CF6DAC3-1B53-4C05-904E-51AA17FB4747}
		{E7277FD0-9B53-3D97-AC5F-8217B6985918} = {0CF6DAC3-1B53-4C05-904E-51AA17FB4747}
		{28C810D0-F37B-3E3C-B030-564EF01845A7} = {0CF6DAC3-1B53-4C05-904E-51AA17FB4747}
		{A4F19030-C319-3AAB-996A-3C3A67109D88} = {0CF6DAC3-1B53-4C05-904E-51AA17FB4747}
		{5CD0087D-75CA-356C-8CFA-BA5F99BF7A67} = {0CF6DAC3-1B53-4C05-904E-51AA17FB4747}
		{4D008107-7BD1-370C-8F1A-434EDC430CD3} = {0CF6DAC3-1B53-4C05-904E-51AA17FB4747}
		{4721AC14-8D40-3B14-96BD-13469D3C958A} = {0CF6DAC3-1B53-4C05-904E-51AA17FB4747}
		{065DE9FF-9179-30FE-94EF-6391B324FF7E} = {0CF6DAC3-1B53-4C05-904E-51AA17FB4747}
		{5EA137D9-8510-37A7-AFA4-0408B245FDBB} = {0CF6DAC3-1B53-4C05-904E-51AA17FB4747}
	EndGlobalSection
	GlobalSection(ExtensibilityGlobals) = postSolution
		SolutionGuid = {D3C55307-B98F-40A7-9070-1CD3A61A1C23}
	EndGlobalSection
EndGlobal
